
Microsoft Visual Studio Solution File, Format Version 12.00
# Visual Studio Version 16
VisualStudioVersion = 16.0.30804.86
MinimumVisualStudioVersion = 10.0.40219.1
Project("{FAE04EC0-301F-11D3-BF4B-00C04F79EFBC}") = "GestionProyectos.Domain", "GestionProyectos.Domain\GestionProyectos.Domain.csproj", "{EFCFDE78-4575-42B2-B755-C987F60345FA}"
EndProject
Project("{FAE04EC0-301F-11D3-BF4B-00C04F79EFBC}") = "GestionProyectos.Domain.Test", "GestionProyectos.Domain.Test\GestionProyectos.Domain.Test.csproj", "{240E2855-5636-4746-A14B-0178F713C337}"
EndProject
Global
	GlobalSection(SolutionConfigurationPlatforms) = preSolution
		Debug|Any CPU = Debug|Any CPU
		Release|Any CPU = Release|Any CPU
	EndGlobalSection
	GlobalSection(ProjectConfigurationPlatforms) = postSolution
		{EFCFDE78-4575-42B2-B755-C987F60345FA}.Debug|Any CPU.ActiveCfg = Debug|Any CPU
		{EFCFDE78-4575-42B2-B755-C987F60345FA}.Debug|Any CPU.Build.0 = Debug|Any CPU
		{EFCFDE78-4575-42B2-B755-C987F60345FA}.Release|Any CPU.ActiveCfg = Release|Any CPU
		{EFCFDE78-4575-42B2-B755-C987F60345FA}.Release|Any CPU.Build.0 = Release|Any CPU
		{240E2855-5636-4746-A14B-0178F713C337}.Debug|Any CPU.ActiveCfg = Debug|Any CPU
		{240E2855-5636-4746-A14B-0178F713C337}.Debug|Any CPU.Build.0 = Debug|Any CPU
		{240E2855-5636-4746-A14B-0178F713C337}.Release|Any CPU.ActiveCfg = Release|Any CPU
		{240E2855-5636-4746-A14B-0178F713C337}.Release|Any CPU.Build.0 = Release|Any CPU
	EndGlobalSection
	GlobalSection(SolutionProperties) = preSolution
		HideSolutionNode = FALSE
	EndGlobalSection
	GlobalSection(ExtensibilityGlobals) = postSolution
		SolutionGuid = {60636CEB-AE81-46EF-B24B-9C36A5703281}
	EndGlobalSection
EndGlobal
